
Microsoft Visual Studio Solution File, Format Version 12.00
# Visual Studio 2013
VisualStudioVersion = 12.0.21005.1
MinimumVisualStudioVersion = 10.0.40219.1
Project("{2150E333-8FDC-42A3-9474-1A3956D46DE8}") = "Framework", "Framework", "{D7FCA49C-2909-4D20-BD8A-6BF2B77B4A2F}"
EndProject
Project("{2150E333-8FDC-42A3-9474-1A3956D46DE8}") = "Base", "Base", "{BDCA4580-E1C7-4018-9793-BA539CC548F9}"
EndProject
Project("{FAE04EC0-301F-11D3-BF4B-00C04F79EFBC}") = "metronic-sass", "Sass.metronic\metronic-sass.csproj", "{1BB23C71-F553-4F72-BF05-5286CDBE1DC5}"
EndProject
Project("{FAE04EC0-301F-11D3-BF4B-00C04F79EFBC}") = "Toolkits", "NoRain.Toolkits\Toolkits.csproj", "{7435E6E1-8A7A-44F9-80C2-0BCD5E43C23E}"
EndProject
Project("{FAE04EC0-301F-11D3-BF4B-00C04F79EFBC}") = "WebBase", "NoRain.WebBase\WebBase.csproj", "{E4D6C466-5B94-4C73-AF51-A3D67DC23BC6}"
EndProject
Project("{2150E333-8FDC-42A3-9474-1A3956D46DE8}") = "NoReferences", "NoReferences", "{4B720C98-9660-4A36-B28F-8C925C84178B}"
EndProject
Project("{FAE04EC0-301F-11D3-BF4B-00C04F79EFBC}") = "DataGenerator", "NoRain.DataGenerator\DataGenerator.csproj", "{E8D89ADE-2F2D-4C3E-B950-A5CDF8871E26}"
EndProject
Project("{FAE04EC0-301F-11D3-BF4B-00C04F79EFBC}") = "Model", "NoRain.Model\Model.csproj", "{956B2B0A-5437-4E55-B67D-BC36D362D81F}"
EndProject
Project("{FAE04EC0-301F-11D3-BF4B-00C04F79EFBC}") = "Entity", "NoRain.Entity\Entity.csproj", "{E5AF736E-BA28-4B20-87FD-732853FDC5CF}"
EndProject
Project("{2150E333-8FDC-42A3-9474-1A3956D46DE8}") = "NoRain.Foundation", "NoRain.Foundation", "{F418E471-69CB-4457-8A6E-EC572E965F86}"
EndProject
Project("{FAE04EC0-301F-11D3-BF4B-00C04F79EFBC}") = "Service", "NoRain.Modules.SystemFoundation\NoRain.SF.Bll\Service.csproj", "{1A822090-E850-48AB-A12B-DA44FD80C53F}"
EndProject
Project("{FAE04EC0-301F-11D3-BF4B-00C04F79EFBC}") = "Data", "NoRain.Modules.SystemFoundation\NoRain.SF.Dal\Data.csproj", "{CF7BB01C-289D-4E03-BE6D-F2385C5138E8}"
EndProject
Project("{FAE04EC0-301F-11D3-BF4B-00C04F79EFBC}") = "Entrance", "NoRain.Modules.SystemFoundation\NoRain.SF.IBll\Entrance.csproj", "{AF9461D6-9341-4EA0-B300-9A3B344FE886}"
EndProject
Project("{FAE04EC0-301F-11D3-BF4B-00C04F79EFBC}") = "NoRain.WebMain", "NoRain.WebMain\NoRain.WebMain.csproj", "{C0221494-7CEF-4DA0-92C1-A7585C37B375}"
EndProject
Project("{FAE04EC0-301F-11D3-BF4B-00C04F79EFBC}") = "NoRain.WebMain.Tests", "NoRain.WebMain.Tests\NoRain.WebMain.Tests.csproj", "{8C564337-48D0-4CCC-A420-A7A0DA790EBF}"
EndProject
Global
	GlobalSection(SolutionConfigurationPlatforms) = preSolution
		Debug|Any CPU = Debug|Any CPU
		Release|Any CPU = Release|Any CPU
	EndGlobalSection
	GlobalSection(ProjectConfigurationPlatforms) = postSolution
		{1BB23C71-F553-4F72-BF05-5286CDBE1DC5}.Debug|Any CPU.ActiveCfg = Debug|Any CPU
		{1BB23C71-F553-4F72-BF05-5286CDBE1DC5}.Debug|Any CPU.Build.0 = Debug|Any CPU
		{1BB23C71-F553-4F72-BF05-5286CDBE1DC5}.Release|Any CPU.ActiveCfg = Release|Any CPU
		{1BB23C71-F553-4F72-BF05-5286CDBE1DC5}.Release|Any CPU.Build.0 = Release|Any CPU
		{7435E6E1-8A7A-44F9-80C2-0BCD5E43C23E}.Debug|Any CPU.ActiveCfg = Debug|Any CPU
		{7435E6E1-8A7A-44F9-80C2-0BCD5E43C23E}.Debug|Any CPU.Build.0 = Debug|Any CPU
		{7435E6E1-8A7A-44F9-80C2-0BCD5E43C23E}.Release|Any CPU.ActiveCfg = Release|Any CPU
		{7435E6E1-8A7A-44F9-80C2-0BCD5E43C23E}.Release|Any CPU.Build.0 = Release|Any CPU
		{E4D6C466-5B94-4C73-AF51-A3D67DC23BC6}.Debug|Any CPU.ActiveCfg = Debug|Any CPU
		{E4D6C466-5B94-4C73-AF51-A3D67DC23BC6}.Debug|Any CPU.Build.0 = Debug|Any CPU
		{E4D6C466-5B94-4C73-AF51-A3D67DC23BC6}.Release|Any CPU.ActiveCfg = Release|Any CPU
		{E4D6C466-5B94-4C73-AF51-A3D67DC23BC6}.Release|Any CPU.Build.0 = Release|Any CPU
		{E8D89ADE-2F2D-4C3E-B950-A5CDF8871E26}.Debug|Any CPU.ActiveCfg = Debug|Any CPU
		{E8D89ADE-2F2D-4C3E-B950-A5CDF8871E26}.Debug|Any CPU.Build.0 = Debug|Any CPU
		{E8D89ADE-2F2D-4C3E-B950-A5CDF8871E26}.Release|Any CPU.ActiveCfg = Release|Any CPU
		{E8D89ADE-2F2D-4C3E-B950-A5CDF8871E26}.Release|Any CPU.Build.0 = Release|Any CPU
		{956B2B0A-5437-4E55-B67D-BC36D362D81F}.Debug|Any CPU.ActiveCfg = Debug|Any CPU
		{956B2B0A-5437-4E55-B67D-BC36D362D81F}.Debug|Any CPU.Build.0 = Debug|Any CPU
		{956B2B0A-5437-4E55-B67D-BC36D362D81F}.Release|Any CPU.ActiveCfg = Release|Any CPU
		{956B2B0A-5437-4E55-B67D-BC36D362D81F}.Release|Any CPU.Build.0 = Release|Any CPU
		{E5AF736E-BA28-4B20-87FD-732853FDC5CF}.Debug|Any CPU.ActiveCfg = Debug|Any CPU
		{E5AF736E-BA28-4B20-87FD-732853FDC5CF}.Debug|Any CPU.Build.0 = Debug|Any CPU
		{E5AF736E-BA28-4B20-87FD-732853FDC5CF}.Release|Any CPU.ActiveCfg = Release|Any CPU
		{E5AF736E-BA28-4B20-87FD-732853FDC5CF}.Release|Any CPU.Build.0 = Release|Any CPU
		{1A822090-E850-48AB-A12B-DA44FD80C53F}.Debug|Any CPU.ActiveCfg = Debug|Any CPU
		{1A822090-E850-48AB-A12B-DA44FD80C53F}.Debug|Any CPU.Build.0 = Debug|Any CPU
		{1A822090-E850-48AB-A12B-DA44FD80C53F}.Release|Any CPU.ActiveCfg = Release|Any CPU
		{1A822090-E850-48AB-A12B-DA44FD80C53F}.Release|Any CPU.Build.0 = Release|Any CPU
		{CF7BB01C-289D-4E03-BE6D-F2385C5138E8}.Debug|Any CPU.ActiveCfg = Debug|Any CPU
		{CF7BB01C-289D-4E03-BE6D-F2385C5138E8}.Debug|Any CPU.Build.0 = Debug|Any CPU
		{CF7BB01C-289D-4E03-BE6D-F2385C5138E8}.Release|Any CPU.ActiveCfg = Release|Any CPU
		{CF7BB01C-289D-4E03-BE6D-F2385C5138E8}.Release|Any CPU.Build.0 = Release|Any CPU
		{AF9461D6-9341-4EA0-B300-9A3B344FE886}.Debug|Any CPU.ActiveCfg = Debug|Any CPU
		{AF9461D6-9341-4EA0-B300-9A3B344FE886}.Debug|Any CPU.Build.0 = Debug|Any CPU
		{AF9461D6-9341-4EA0-B300-9A3B344FE886}.Release|Any CPU.ActiveCfg = Release|Any CPU
		{AF9461D6-9341-4EA0-B300-9A3B344FE886}.Release|Any CPU.Build.0 = Release|Any CPU
		{C0221494-7CEF-4DA0-92C1-A7585C37B375}.Debug|Any CPU.ActiveCfg = Debug|Any CPU
		{C0221494-7CEF-4DA0-92C1-A7585C37B375}.Debug|Any CPU.Build.0 = Debug|Any CPU
		{C0221494-7CEF-4DA0-92C1-A7585C37B375}.Release|Any CPU.ActiveCfg = Release|Any CPU
		{C0221494-7CEF-4DA0-92C1-A7585C37B375}.Release|Any CPU.Build.0 = Release|Any CPU
		{8C564337-48D0-4CCC-A420-A7A0DA790EBF}.Debug|Any CPU.ActiveCfg = Debug|Any CPU
		{8C564337-48D0-4CCC-A420-A7A0DA790EBF}.Debug|Any CPU.Build.0 = Debug|Any CPU
		{8C564337-48D0-4CCC-A420-A7A0DA790EBF}.Release|Any CPU.ActiveCfg = Release|Any CPU
		{8C564337-48D0-4CCC-A420-A7A0DA790EBF}.Release|Any CPU.Build.0 = Release|Any CPU
	EndGlobalSection
	GlobalSection(SolutionProperties) = preSolution
		HideSolutionNode = FALSE
	EndGlobalSection
	GlobalSection(NestedProjects) = preSolution
		{956B2B0A-5437-4E55-B67D-BC36D362D81F} = {D7FCA49C-2909-4D20-BD8A-6BF2B77B4A2F}
		{E5AF736E-BA28-4B20-87FD-732853FDC5CF} = {D7FCA49C-2909-4D20-BD8A-6BF2B77B4A2F}
		{7435E6E1-8A7A-44F9-80C2-0BCD5E43C23E} = {BDCA4580-E1C7-4018-9793-BA539CC548F9}
		{E4D6C466-5B94-4C73-AF51-A3D67DC23BC6} = {BDCA4580-E1C7-4018-9793-BA539CC548F9}
		{1BB23C71-F553-4F72-BF05-5286CDBE1DC5} = {4B720C98-9660-4A36-B28F-8C925C84178B}
		{E8D89ADE-2F2D-4C3E-B950-A5CDF8871E26} = {4B720C98-9660-4A36-B28F-8C925C84178B}
		{1A822090-E850-48AB-A12B-DA44FD80C53F} = {F418E471-69CB-4457-8A6E-EC572E965F86}
		{CF7BB01C-289D-4E03-BE6D-F2385C5138E8} = {F418E471-69CB-4457-8A6E-EC572E965F86}
		{AF9461D6-9341-4EA0-B300-9A3B344FE886} = {F418E471-69CB-4457-8A6E-EC572E965F86}
	EndGlobalSection
EndGlobal
